
Microsoft Visual Studio Solution File, Format Version 12.00
# Visual Studio Version 17
VisualStudioVersion = 17.10.35027.167
MinimumVisualStudioVersion = 10.0.40219.1
Project("{9A19103F-16F7-4668-BE54-9A1E7A4F7556}") = "CS_WPF_Lab9_Rental_Housing.Domain", "CS_WPF_Lab9_Rental_Housing.Domain.csproj", "{5266532C-9E26-4616-A85F-A2D5FC4DB9DB}"
EndProject
Global
	GlobalSection(SolutionConfigurationPlatforms) = preSolution
		Debug|Any CPU = Debug|Any CPU
		Release|Any CPU = Release|Any CPU
	EndGlobalSection
	GlobalSection(ProjectConfigurationPlatforms) = postSolution
		{5266532C-9E26-4616-A85F-A2D5FC4DB9DB}.Debug|Any CPU.ActiveCfg = Debug|Any CPU
		{5266532C-9E26-4616-A85F-A2D5FC4DB9DB}.Debug|Any CPU.Build.0 = Debug|Any CPU
		{5266532C-9E26-4616-A85F-A2D5FC4DB9DB}.Release|Any CPU.ActiveCfg = Release|Any CPU
		{5266532C-9E26-4616-A85F-A2D5FC4DB9DB}.Release|Any CPU.Build.0 = Release|Any CPU
	EndGlobalSection
	GlobalSection(SolutionProperties) = preSolution
		HideSolutionNode = FALSE
	EndGlobalSection
	GlobalSection(ExtensibilityGlobals) = postSolution
		SolutionGuid = {439615B9-B67E-4E55-9761-406C241C5A45}
	EndGlobalSection
EndGlobal
